
Microsoft Visual Studio Solution File, Format Version 12.00
# Visual Studio Version 17
VisualStudioVersion = 17.4.33122.133
MinimumVisualStudioVersion = 10.0.40219.1
Project("{9A19103F-16F7-4668-BE54-9A1E7A4F7556}") = "blog", "blog\blog.csproj", "{FD9D4E7F-C4DA-4791-A6A9-CEA3701490D5}"
EndProject
Project("{9A19103F-16F7-4668-BE54-9A1E7A4F7556}") = "blog.Services", "blog.Services\blog.Services.csproj", "{710FE017-78B5-4691-82A0-DECCD881CF5B}"
EndProject
Project("{9A19103F-16F7-4668-BE54-9A1E7A4F7556}") = "blog.Models", "blog.Models\blog.Models.csproj", "{B962CFE3-A33F-401C-8983-912CBEAB3E6C}"
EndProject
Project("{2150E333-8FDC-42A3-9474-1A3956D46DE8}") = "Solution Items", "Solution Items", "{66868D62-A310-42A3-9ED4-FEBFC39DA545}"
	ProjectSection(SolutionItems) = preProject
		..\docker-compose.yml = ..\docker-compose.yml
		..\Dockerfile = ..\Dockerfile
	EndProjectSection
EndProject
Global
	GlobalSection(SolutionConfigurationPlatforms) = preSolution
		Debug|Any CPU = Debug|Any CPU
		Release|Any CPU = Release|Any CPU
	EndGlobalSection
	GlobalSection(ProjectConfigurationPlatforms) = postSolution
		{FD9D4E7F-C4DA-4791-A6A9-CEA3701490D5}.Debug|Any CPU.ActiveCfg = Debug|Any CPU
		{FD9D4E7F-C4DA-4791-A6A9-CEA3701490D5}.Debug|Any CPU.Build.0 = Debug|Any CPU
		{FD9D4E7F-C4DA-4791-A6A9-CEA3701490D5}.Release|Any CPU.ActiveCfg = Release|Any CPU
		{FD9D4E7F-C4DA-4791-A6A9-CEA3701490D5}.Release|Any CPU.Build.0 = Release|Any CPU
		{710FE017-78B5-4691-82A0-DECCD881CF5B}.Debug|Any CPU.ActiveCfg = Debug|Any CPU
		{710FE017-78B5-4691-82A0-DECCD881CF5B}.Debug|Any CPU.Build.0 = Debug|Any CPU
		{710FE017-78B5-4691-82A0-DECCD881CF5B}.Release|Any CPU.ActiveCfg = Release|Any CPU
		{710FE017-78B5-4691-82A0-DECCD881CF5B}.Release|Any CPU.Build.0 = Release|Any CPU
		{B962CFE3-A33F-401C-8983-912CBEAB3E6C}.Debug|Any CPU.ActiveCfg = Debug|Any CPU
		{B962CFE3-A33F-401C-8983-912CBEAB3E6C}.Debug|Any CPU.Build.0 = Debug|Any CPU
		{B962CFE3-A33F-401C-8983-912CBEAB3E6C}.Release|Any CPU.ActiveCfg = Release|Any CPU
		{B962CFE3-A33F-401C-8983-912CBEAB3E6C}.Release|Any CPU.Build.0 = Release|Any CPU
	EndGlobalSection
	GlobalSection(SolutionProperties) = preSolution
		HideSolutionNode = FALSE
	EndGlobalSection
	GlobalSection(ExtensibilityGlobals) = postSolution
		SolutionGuid = {7156DCEB-BF61-4585-A238-4D877C2B11EA}
	EndGlobalSection
EndGlobal
