
Microsoft Visual Studio Solution File, Format Version 12.00
# Visual Studio Version 17
VisualStudioVersion = 17.4.33122.133
MinimumVisualStudioVersion = 10.0.40219.1
Project("{9A19103F-16F7-4668-BE54-9A1E7A4F7556}") = "blog", "blog\blog.csproj", "{FD9D4E7F-C4DA-4791-A6A9-CEA3701490D5}"
EndProject
Project("{FAE04EC0-301F-11D3-BF4B-00C04F79EFBC}") = "blog.Services", "blog.Services\blog.Services.csproj", "{710FE017-78B5-4691-82A0-DECCD881CF5B}"
EndProject
Project("{FAE04EC0-301F-11D3-BF4B-00C04F79EFBC}") = "blog.Models", "blog.Models\blog.Models.csproj", "{B962CFE3-A33F-401C-8983-912CBEAB3E6C}"
EndProject
Global
	GlobalSection(SolutionConfigurationPlatforms) = preSolution
		Debug|Any CPU = Debug|Any CPU
		Release|Any CPU = Release|Any CPU
	EndGlobalSection
	GlobalSection(ProjectConfigurationPlatforms) = postSolution
		{FD9D4E7F-C4DA-4791-A6A9-CEA3701490D5}.Debug|Any CPU.ActiveCfg = Debug|Any CPU
		{FD9D4E7F-C4DA-4791-A6A9-CEA3701490D5}.Debug|Any CPU.Build.0 = Debug|Any CPU
		{FD9D4E7F-C4DA-4791-A6A9-CEA3701490D5}.Release|Any CPU.ActiveCfg = Release|Any CPU
		{FD9D4E7F-C4DA-4791-A6A9-CEA3701490D5}.Release|Any CPU.Build.0 = Release|Any CPU
		{710FE017-78B5-4691-82A0-DECCD881CF5B}.Debug|Any CPU.ActiveCfg = Debug|Any CPU
		{710FE017-78B5-4691-82A0-DECCD881CF5B}.Debug|Any CPU.Build.0 = Debug|Any CPU
		{710FE017-78B5-4691-82A0-DECCD881CF5B}.Release|Any CPU.ActiveCfg = Release|Any CPU
		{710FE017-78B5-4691-82A0-DECCD881CF5B}.Release|Any CPU.Build.0 = Release|Any CPU
		{B962CFE3-A33F-401C-8983-912CBEAB3E6C}.Debug|Any CPU.ActiveCfg = Debug|Any CPU
		{B962CFE3-A33F-401C-8983-912CBEAB3E6C}.Debug|Any CPU.Build.0 = Debug|Any CPU
		{B962CFE3-A33F-401C-8983-912CBEAB3E6C}.Release|Any CPU.ActiveCfg = Release|Any CPU
		{B962CFE3-A33F-401C-8983-912CBEAB3E6C}.Release|Any CPU.Build.0 = Release|Any CPU
	EndGlobalSection
	GlobalSection(SolutionProperties) = preSolution
		HideSolutionNode = FALSE
	EndGlobalSection
	GlobalSection(ExtensibilityGlobals) = postSolution
		SolutionGuid = {7156DCEB-BF61-4585-A238-4D877C2B11EA}
	EndGlobalSection
EndGlobal
